// !$*UTF8*$!
{
	archiveVersion = 1;
	classes = {
	};
	objectVersion = 56;
	objects = {

/* Begin PBXBuildFile section */
		787653F62C1499480086FBFC /* iOS_Generic_HttpClientApp.swift in Sources */ = {isa = PBXBuildFile; fileRef = 787653F52C1499480086FBFC /* iOS_Generic_HttpClientApp.swift */; };
		787653F82C1499480086FBFC /* ContentView.swift in Sources */ = {isa = PBXBuildFile; fileRef = 787653F72C1499480086FBFC /* ContentView.swift */; };
		787653FA2C14994B0086FBFC /* Assets.xcassets in Resources */ = {isa = PBXBuildFile; fileRef = 787653F92C14994B0086FBFC /* Assets.xcassets */; };
		787653FD2C14994B0086FBFC /* Preview Assets.xcassets in Resources */ = {isa = PBXBuildFile; fileRef = 787653FC2C14994B0086FBFC /* Preview Assets.xcassets */; };
		787654072C14994B0086FBFC /* iOS_Generic_HttpClientTests.swift in Sources */ = {isa = PBXBuildFile; fileRef = 787654062C14994B0086FBFC /* iOS_Generic_HttpClientTests.swift */; };
		787654212C1499750086FBFC /* HTTPClient.swift in Sources */ = {isa = PBXBuildFile; fileRef = 787654202C1499750086FBFC /* HTTPClient.swift */; };
		787654232C14A8B30086FBFC /* URLRequestSpyProtocol.swift in Sources */ = {isa = PBXBuildFile; fileRef = 787654222C14A8B30086FBFC /* URLRequestSpyProtocol.swift */; };
		787654252C14A8EB0086FBFC /* HTTPClientTests.swift in Sources */ = {isa = PBXBuildFile; fileRef = 787654242C14A8EB0086FBFC /* HTTPClientTests.swift */; };
		789BBA322C1707D000D369DC /* HTTPProvider.swift in Sources */ = {isa = PBXBuildFile; fileRef = 789BBA312C1707D000D369DC /* HTTPProvider.swift */; };
		789BBA342C17145A00D369DC /* Constants.swift in Sources */ = {isa = PBXBuildFile; fileRef = 789BBA332C17145A00D369DC /* Constants.swift */; };
		789BBA362C17146900D369DC /* ContentType.swift in Sources */ = {isa = PBXBuildFile; fileRef = 789BBA352C17146900D369DC /* ContentType.swift */; };
		789BBA382C17147C00D369DC /* HTTPMethod.swift in Sources */ = {isa = PBXBuildFile; fileRef = 789BBA372C17147C00D369DC /* HTTPMethod.swift */; };
/* End PBXBuildFile section */

/* Begin PBXContainerItemProxy section */
		787654032C14994B0086FBFC /* PBXContainerItemProxy */ = {
			isa = PBXContainerItemProxy;
			containerPortal = 787653EA2C1499480086FBFC /* Project object */;
			proxyType = 1;
			remoteGlobalIDString = 787653F12C1499480086FBFC;
			remoteInfo = "iOS.Generic HttpClient";
		};
/* End PBXContainerItemProxy section */

/* Begin PBXFileReference section */
		787653F22C1499480086FBFC /* iOS.Generic HttpClient.app */ = {isa = PBXFileReference; explicitFileType = wrapper.application; includeInIndex = 0; path = "iOS.Generic HttpClient.app"; sourceTree = BUILT_PRODUCTS_DIR; };
		787653F52C1499480086FBFC /* iOS_Generic_HttpClientApp.swift */ = {isa = PBXFileReference; lastKnownFileType = sourcecode.swift; path = iOS_Generic_HttpClientApp.swift; sourceTree = "<group>"; };
		787653F72C1499480086FBFC /* ContentView.swift */ = {isa = PBXFileReference; lastKnownFileType = sourcecode.swift; path = ContentView.swift; sourceTree = "<group>"; };
		787653F92C14994B0086FBFC /* Assets.xcassets */ = {isa = PBXFileReference; lastKnownFileType = folder.assetcatalog; path = Assets.xcassets; sourceTree = "<group>"; };
		787653FC2C14994B0086FBFC /* Preview Assets.xcassets */ = {isa = PBXFileReference; lastKnownFileType = folder.assetcatalog; path = "Preview Assets.xcassets"; sourceTree = "<group>"; };
		787654022C14994B0086FBFC /* iOS.Generic HttpClientTests.xctest */ = {isa = PBXFileReference; explicitFileType = wrapper.cfbundle; includeInIndex = 0; path = "iOS.Generic HttpClientTests.xctest"; sourceTree = BUILT_PRODUCTS_DIR; };
		787654062C14994B0086FBFC /* iOS_Generic_HttpClientTests.swift */ = {isa = PBXFileReference; lastKnownFileType = sourcecode.swift; path = iOS_Generic_HttpClientTests.swift; sourceTree = "<group>"; };
		787654202C1499750086FBFC /* HTTPClient.swift */ = {isa = PBXFileReference; lastKnownFileType = sourcecode.swift; path = HTTPClient.swift; sourceTree = "<group>"; };
		787654222C14A8B30086FBFC /* URLRequestSpyProtocol.swift */ = {isa = PBXFileReference; lastKnownFileType = sourcecode.swift; path = URLRequestSpyProtocol.swift; sourceTree = "<group>"; };
		787654242C14A8EB0086FBFC /* HTTPClientTests.swift */ = {isa = PBXFileReference; lastKnownFileType = sourcecode.swift; path = HTTPClientTests.swift; sourceTree = "<group>"; };
		789BBA312C1707D000D369DC /* HTTPProvider.swift */ = {isa = PBXFileReference; lastKnownFileType = sourcecode.swift; path = HTTPProvider.swift; sourceTree = "<group>"; };
		789BBA332C17145A00D369DC /* Constants.swift */ = {isa = PBXFileReference; lastKnownFileType = sourcecode.swift; path = Constants.swift; sourceTree = "<group>"; };
		789BBA352C17146900D369DC /* ContentType.swift */ = {isa = PBXFileReference; lastKnownFileType = sourcecode.swift; path = ContentType.swift; sourceTree = "<group>"; };
		789BBA372C17147C00D369DC /* HTTPMethod.swift */ = {isa = PBXFileReference; lastKnownFileType = sourcecode.swift; path = HTTPMethod.swift; sourceTree = "<group>"; };
/* End PBXFileReference section */

/* Begin PBXFrameworksBuildPhase section */
		787653EF2C1499480086FBFC /* Frameworks */ = {
			isa = PBXFrameworksBuildPhase;
			buildActionMask = 2147483647;
			files = (
			);
			runOnlyForDeploymentPostprocessing = 0;
		};
		787653FF2C14994B0086FBFC /* Frameworks */ = {
			isa = PBXFrameworksBuildPhase;
			buildActionMask = 2147483647;
			files = (
			);
			runOnlyForDeploymentPostprocessing = 0;
		};
/* End PBXFrameworksBuildPhase section */

/* Begin PBXGroup section */
		787653E92C1499480086FBFC = {
			isa = PBXGroup;
			children = (
				787653F42C1499480086FBFC /* iOS.Generic HttpClient */,
				787654052C14994B0086FBFC /* iOS.Generic HttpClientTests */,
				787653F32C1499480086FBFC /* Products */,
			);
			sourceTree = "<group>";
		};
		787653F32C1499480086FBFC /* Products */ = {
			isa = PBXGroup;
			children = (
				787653F22C1499480086FBFC /* iOS.Generic HttpClient.app */,
				787654022C14994B0086FBFC /* iOS.Generic HttpClientTests.xctest */,
			);
			name = Products;
			sourceTree = "<group>";
		};
		787653F42C1499480086FBFC /* iOS.Generic HttpClient */ = {
			isa = PBXGroup;
			children = (
				7876541F2C1499650086FBFC /* HTTPClient */,
				787653F52C1499480086FBFC /* iOS_Generic_HttpClientApp.swift */,
				787653F72C1499480086FBFC /* ContentView.swift */,
				787653F92C14994B0086FBFC /* Assets.xcassets */,
				787653FB2C14994B0086FBFC /* Preview Content */,
			);
			path = "iOS.Generic HttpClient";
			sourceTree = "<group>";
		};
		787653FB2C14994B0086FBFC /* Preview Content */ = {
			isa = PBXGroup;
			children = (
				787653FC2C14994B0086FBFC /* Preview Assets.xcassets */,
			);
			path = "Preview Content";
			sourceTree = "<group>";
		};
		787654052C14994B0086FBFC /* iOS.Generic HttpClientTests */ = {
			isa = PBXGroup;
			children = (
				787654062C14994B0086FBFC /* iOS_Generic_HttpClientTests.swift */,
				787654222C14A8B30086FBFC /* URLRequestSpyProtocol.swift */,
				787654242C14A8EB0086FBFC /* HTTPClientTests.swift */,
			);
			path = "iOS.Generic HttpClientTests";
			sourceTree = "<group>";
		};
		7876541F2C1499650086FBFC /* HTTPClient */ = {
			isa = PBXGroup;
			children = (
				787654202C1499750086FBFC /* HTTPClient.swift */,
				789BBA312C1707D000D369DC /* HTTPProvider.swift */,
				789BBA332C17145A00D369DC /* Constants.swift */,
				789BBA352C17146900D369DC /* ContentType.swift */,
				789BBA372C17147C00D369DC /* HTTPMethod.swift */,
			);
			path = HTTPClient;
			sourceTree = "<group>";
		};
/* End PBXGroup section */

/* Begin PBXNativeTarget section */
		787653F12C1499480086FBFC /* iOS.Generic HttpClient */ = {
			isa = PBXNativeTarget;
			buildConfigurationList = 787654162C14994B0086FBFC /* Build configuration list for PBXNativeTarget "iOS.Generic HttpClient" */;
			buildPhases = (
				787653EE2C1499480086FBFC /* Sources */,
				787653EF2C1499480086FBFC /* Frameworks */,
				787653F02C1499480086FBFC /* Resources */,
			);
			buildRules = (
			);
			dependencies = (
			);
			name = "iOS.Generic HttpClient";
			productName = "iOS.Generic HttpClient";
			productReference = 787653F22C1499480086FBFC /* iOS.Generic HttpClient.app */;
			productType = "com.apple.product-type.application";
		};
		787654012C14994B0086FBFC /* iOS.Generic HttpClientTests */ = {
			isa = PBXNativeTarget;
			buildConfigurationList = 787654192C14994B0086FBFC /* Build configuration list for PBXNativeTarget "iOS.Generic HttpClientTests" */;
			buildPhases = (
				787653FE2C14994B0086FBFC /* Sources */,
				787653FF2C14994B0086FBFC /* Frameworks */,
				787654002C14994B0086FBFC /* Resources */,
			);
			buildRules = (
			);
			dependencies = (
				787654042C14994B0086FBFC /* PBXTargetDependency */,
			);
			name = "iOS.Generic HttpClientTests";
			productName = "iOS.Generic HttpClientTests";
			productReference = 787654022C14994B0086FBFC /* iOS.Generic HttpClientTests.xctest */;
			productType = "com.apple.product-type.bundle.unit-test";
		};
/* End PBXNativeTarget section */

/* Begin PBXProject section */
		787653EA2C1499480086FBFC /* Project object */ = {
			isa = PBXProject;
			attributes = {
				BuildIndependentTargetsInParallel = 1;
				LastSwiftUpdateCheck = 1530;
				LastUpgradeCheck = 1530;
				TargetAttributes = {
					787653F12C1499480086FBFC = {
						CreatedOnToolsVersion = 15.3;
					};
					787654012C14994B0086FBFC = {
						CreatedOnToolsVersion = 15.3;
						TestTargetID = 787653F12C1499480086FBFC;
					};
				};
			};
			buildConfigurationList = 787653ED2C1499480086FBFC /* Build configuration list for PBXProject "iOS.Generic HttpClient" */;
			compatibilityVersion = "Xcode 14.0";
			developmentRegion = en;
			hasScannedForEncodings = 0;
			knownRegions = (
				en,
				Base,
			);
			mainGroup = 787653E92C1499480086FBFC;
			productRefGroup = 787653F32C1499480086FBFC /* Products */;
			projectDirPath = "";
			projectRoot = "";
			targets = (
				787653F12C1499480086FBFC /* iOS.Generic HttpClient */,
				787654012C14994B0086FBFC /* iOS.Generic HttpClientTests */,
			);
		};
/* End PBXProject section */

/* Begin PBXResourcesBuildPhase section */
		787653F02C1499480086FBFC /* Resources */ = {
			isa = PBXResourcesBuildPhase;
			buildActionMask = 2147483647;
			files = (
				787653FD2C14994B0086FBFC /* Preview Assets.xcassets in Resources */,
				787653FA2C14994B0086FBFC /* Assets.xcassets in Resources */,
			);
			runOnlyForDeploymentPostprocessing = 0;
		};
		787654002C14994B0086FBFC /* Resources */ = {
			isa = PBXResourcesBuildPhase;
			buildActionMask = 2147483647;
			files = (
			);
			runOnlyForDeploymentPostprocessing = 0;
		};
/* End PBXResourcesBuildPhase section */

/* Begin PBXSourcesBuildPhase section */
		787653EE2C1499480086FBFC /* Sources */ = {
			isa = PBXSourcesBuildPhase;
			buildActionMask = 2147483647;
			files = (
				789BBA342C17145A00D369DC /* Constants.swift in Sources */,
				787653F82C1499480086FBFC /* ContentView.swift in Sources */,
				789BBA382C17147C00D369DC /* HTTPMethod.swift in Sources */,
				787653F62C1499480086FBFC /* iOS_Generic_HttpClientApp.swift in Sources */,
				789BBA322C1707D000D369DC /* HTTPProvider.swift in Sources */,
				787654212C1499750086FBFC /* HTTPClient.swift in Sources */,
				789BBA362C17146900D369DC /* ContentType.swift in Sources */,
			);
			runOnlyForDeploymentPostprocessing = 0;
		};
		787653FE2C14994B0086FBFC /* Sources */ = {
			isa = PBXSourcesBuildPhase;
			buildActionMask = 2147483647;
			files = (
				787654232C14A8B30086FBFC /* URLRequestSpyProtocol.swift in Sources */,
				787654072C14994B0086FBFC /* iOS_Generic_HttpClientTests.swift in Sources */,
				787654252C14A8EB0086FBFC /* HTTPClientTests.swift in Sources */,
			);
			runOnlyForDeploymentPostprocessing = 0;
		};
/* End PBXSourcesBuildPhase section */

/* Begin PBXTargetDependency section */
		787654042C14994B0086FBFC /* PBXTargetDependency */ = {
			isa = PBXTargetDependency;
			target = 787653F12C1499480086FBFC /* iOS.Generic HttpClient */;
			targetProxy = 787654032C14994B0086FBFC /* PBXContainerItemProxy */;
		};
/* End PBXTargetDependency section */

/* Begin XCBuildConfiguration section */
		787654142C14994B0086FBFC /* Debug */ = {
			isa = XCBuildConfiguration;
			buildSettings = {
				ALWAYS_SEARCH_USER_PATHS = NO;
				ASSETCATALOG_COMPILER_GENERATE_SWIFT_ASSET_SYMBOL_EXTENSIONS = YES;
				CLANG_ANALYZER_NONNULL = YES;
				CLANG_ANALYZER_NUMBER_OBJECT_CONVERSION = YES_AGGRESSIVE;
				CLANG_CXX_LANGUAGE_STANDARD = "gnu++20";
				CLANG_ENABLE_MODULES = YES;
				CLANG_ENABLE_OBJC_ARC = YES;
				CLANG_ENABLE_OBJC_WEAK = YES;
				CLANG_WARN_BLOCK_CAPTURE_AUTORELEASING = YES;
				CLANG_WARN_BOOL_CONVERSION = YES;
				CLANG_WARN_COMMA = YES;
				CLANG_WARN_CONSTANT_CONVERSION = YES;
				CLANG_WARN_DEPRECATED_OBJC_IMPLEMENTATIONS = YES;
				CLANG_WARN_DIRECT_OBJC_ISA_USAGE = YES_ERROR;
				CLANG_WARN_DOCUMENTATION_COMMENTS = YES;
				CLANG_WARN_EMPTY_BODY = YES;
				CLANG_WARN_ENUM_CONVERSION = YES;
				CLANG_WARN_INFINITE_RECURSION = YES;
				CLANG_WARN_INT_CONVERSION = YES;
				CLANG_WARN_NON_LITERAL_NULL_CONVERSION = YES;
				CLANG_WARN_OBJC_IMPLICIT_RETAIN_SELF = YES;
				CLANG_WARN_OBJC_LITERAL_CONVERSION = YES;
				CLANG_WARN_OBJC_ROOT_CLASS = YES_ERROR;
				CLANG_WARN_QUOTED_INCLUDE_IN_FRAMEWORK_HEADER = YES;
				CLANG_WARN_RANGE_LOOP_ANALYSIS = YES;
				CLANG_WARN_STRICT_PROTOTYPES = YES;
				CLANG_WARN_SUSPICIOUS_MOVE = YES;
				CLANG_WARN_UNGUARDED_AVAILABILITY = YES_AGGRESSIVE;
				CLANG_WARN_UNREACHABLE_CODE = YES;
				CLANG_WARN__DUPLICATE_METHOD_MATCH = YES;
				COPY_PHASE_STRIP = NO;
				DEBUG_INFORMATION_FORMAT = dwarf;
				ENABLE_STRICT_OBJC_MSGSEND = YES;
				ENABLE_TESTABILITY = YES;
				ENABLE_USER_SCRIPT_SANDBOXING = YES;
				GCC_C_LANGUAGE_STANDARD = gnu17;
				GCC_DYNAMIC_NO_PIC = NO;
				GCC_NO_COMMON_BLOCKS = YES;
				GCC_OPTIMIZATION_LEVEL = 0;
				GCC_PREPROCESSOR_DEFINITIONS = (
					"DEBUG=1",
					"$(inherited)",
				);
				GCC_WARN_64_TO_32_BIT_CONVERSION = YES;
				GCC_WARN_ABOUT_RETURN_TYPE = YES_ERROR;
				GCC_WARN_UNDECLARED_SELECTOR = YES;
				GCC_WARN_UNINITIALIZED_AUTOS = YES_AGGRESSIVE;
				GCC_WARN_UNUSED_FUNCTION = YES;
				GCC_WARN_UNUSED_VARIABLE = YES;
				IPHONEOS_DEPLOYMENT_TARGET = 17.4;
				LOCALIZATION_PREFERS_STRING_CATALOGS = YES;
				MTL_ENABLE_DEBUG_INFO = INCLUDE_SOURCE;
				MTL_FAST_MATH = YES;
				ONLY_ACTIVE_ARCH = YES;
				SDKROOT = iphoneos;
				SWIFT_ACTIVE_COMPILATION_CONDITIONS = "DEBUG $(inherited)";
				SWIFT_OPTIMIZATION_LEVEL = "-Onone";
			};
			name = Debug;
		};
		787654152C14994B0086FBFC /* Release */ = {
			isa = XCBuildConfiguration;
			buildSettings = {
				ALWAYS_SEARCH_USER_PATHS = NO;
				ASSETCATALOG_COMPILER_GENERATE_SWIFT_ASSET_SYMBOL_EXTENSIONS = YES;
				CLANG_ANALYZER_NONNULL = YES;
				CLANG_ANALYZER_NUMBER_OBJECT_CONVERSION = YES_AGGRESSIVE;
				CLANG_CXX_LANGUAGE_STANDARD = "gnu++20";
				CLANG_ENABLE_MODULES = YES;
				CLANG_ENABLE_OBJC_ARC = YES;
				CLANG_ENABLE_OBJC_WEAK = YES;
				CLANG_WARN_BLOCK_CAPTURE_AUTORELEASING = YES;
				CLANG_WARN_BOOL_CONVERSION = YES;
				CLANG_WARN_COMMA = YES;
				CLANG_WARN_CONSTANT_CONVERSION = YES;
				CLANG_WARN_DEPRECATED_OBJC_IMPLEMENTATIONS = YES;
				CLANG_WARN_DIRECT_OBJC_ISA_USAGE = YES_ERROR;
				CLANG_WARN_DOCUMENTATION_COMMENTS = YES;
				CLANG_WARN_EMPTY_BODY = YES;
				CLANG_WARN_ENUM_CONVERSION = YES;
				CLANG_WARN_INFINITE_RECURSION = YES;
				CLANG_WARN_INT_CONVERSION = YES;
				CLANG_WARN_NON_LITERAL_NULL_CONVERSION = YES;
				CLANG_WARN_OBJC_IMPLICIT_RETAIN_SELF = YES;
				CLANG_WARN_OBJC_LITERAL_CONVERSION = YES;
				CLANG_WARN_OBJC_ROOT_CLASS = YES_ERROR;
				CLANG_WARN_QUOTED_INCLUDE_IN_FRAMEWORK_HEADER = YES;
				CLANG_WARN_RANGE_LOOP_ANALYSIS = YES;
				CLANG_WARN_STRICT_PROTOTYPES = YES;
				CLANG_WARN_SUSPICIOUS_MOVE = YES;
				CLANG_WARN_UNGUARDED_AVAILABILITY = YES_AGGRESSIVE;
				CLANG_WARN_UNREACHABLE_CODE = YES;
				CLANG_WARN__DUPLICATE_METHOD_MATCH = YES;
				COPY_PHASE_STRIP = NO;
				DEBUG_INFORMATION_FORMAT = "dwarf-with-dsym";
				ENABLE_NS_ASSERTIONS = NO;
				ENABLE_STRICT_OBJC_MSGSEND = YES;
				ENABLE_USER_SCRIPT_SANDBOXING = YES;
				GCC_C_LANGUAGE_STANDARD = gnu17;
				GCC_NO_COMMON_BLOCKS = YES;
				GCC_WARN_64_TO_32_BIT_CONVERSION = YES;
				GCC_WARN_ABOUT_RETURN_TYPE = YES_ERROR;
				GCC_WARN_UNDECLARED_SELECTOR = YES;
				GCC_WARN_UNINITIALIZED_AUTOS = YES_AGGRESSIVE;
				GCC_WARN_UNUSED_FUNCTION = YES;
				GCC_WARN_UNUSED_VARIABLE = YES;
				IPHONEOS_DEPLOYMENT_TARGET = 17.4;
				LOCALIZATION_PREFERS_STRING_CATALOGS = YES;
				MTL_ENABLE_DEBUG_INFO = NO;
				MTL_FAST_MATH = YES;
				SDKROOT = iphoneos;
				SWIFT_COMPILATION_MODE = wholemodule;
				VALIDATE_PRODUCT = YES;
			};
			name = Release;
		};
		787654172C14994B0086FBFC /* Debug */ = {
			isa = XCBuildConfiguration;
			buildSettings = {
				ASSETCATALOG_COMPILER_APPICON_NAME = AppIcon;
				ASSETCATALOG_COMPILER_GLOBAL_ACCENT_COLOR_NAME = AccentColor;
				CODE_SIGN_STYLE = Automatic;
				CURRENT_PROJECT_VERSION = 1;
				DEVELOPMENT_ASSET_PATHS = "\"iOS.Generic HttpClient/Preview Content\"";
				ENABLE_PREVIEWS = YES;
				GENERATE_INFOPLIST_FILE = YES;
				INFOPLIST_KEY_UIApplicationSceneManifest_Generation = YES;
				INFOPLIST_KEY_UIApplicationSupportsIndirectInputEvents = YES;
				INFOPLIST_KEY_UILaunchScreen_Generation = YES;
				INFOPLIST_KEY_UISupportedInterfaceOrientations_iPad = "UIInterfaceOrientationPortrait UIInterfaceOrientationPortraitUpsideDown UIInterfaceOrientationLandscapeLeft UIInterfaceOrientationLandscapeRight";
				INFOPLIST_KEY_UISupportedInterfaceOrientations_iPhone = "UIInterfaceOrientationPortrait UIInterfaceOrientationLandscapeLeft UIInterfaceOrientationLandscapeRight";
				LD_RUNPATH_SEARCH_PATHS = (
					"$(inherited)",
					"@executable_path/Frameworks",
				);
				MARKETING_VERSION = 1.0;
				PRODUCT_BUNDLE_IDENTIFIER = "nesterchuk.oleksii.iOS-Generic-HttpClient";
				PRODUCT_NAME = "$(TARGET_NAME)";
				SWIFT_EMIT_LOC_STRINGS = YES;
				SWIFT_VERSION = 5.0;
				TARGETED_DEVICE_FAMILY = "1,2";
			};
			name = Debug;
		};
		787654182C14994B0086FBFC /* Release */ = {
			isa = XCBuildConfiguration;
			buildSettings = {
				ASSETCATALOG_COMPILER_APPICON_NAME = AppIcon;
				ASSETCATALOG_COMPILER_GLOBAL_ACCENT_COLOR_NAME = AccentColor;
				CODE_SIGN_STYLE = Automatic;
				CURRENT_PROJECT_VERSION = 1;
				DEVELOPMENT_ASSET_PATHS = "\"iOS.Generic HttpClient/Preview Content\"";
				ENABLE_PREVIEWS = YES;
				GENERATE_INFOPLIST_FILE = YES;
				INFOPLIST_KEY_UIApplicationSceneManifest_Generation = YES;
				INFOPLIST_KEY_UIApplicationSupportsIndirectInputEvents = YES;
				INFOPLIST_KEY_UILaunchScreen_Generation = YES;
				INFOPLIST_KEY_UISupportedInterfaceOrientations_iPad = "UIInterfaceOrientationPortrait UIInterfaceOrientationPortraitUpsideDown UIInterfaceOrientationLandscapeLeft UIInterfaceOrientationLandscapeRight";
				INFOPLIST_KEY_UISupportedInterfaceOrientations_iPhone = "UIInterfaceOrientationPortrait UIInterfaceOrientationLandscapeLeft UIInterfaceOrientationLandscapeRight";
				LD_RUNPATH_SEARCH_PATHS = (
					"$(inherited)",
					"@executable_path/Frameworks",
				);
				MARKETING_VERSION = 1.0;
				PRODUCT_BUNDLE_IDENTIFIER = "nesterchuk.oleksii.iOS-Generic-HttpClient";
				PRODUCT_NAME = "$(TARGET_NAME)";
				SWIFT_EMIT_LOC_STRINGS = YES;
				SWIFT_VERSION = 5.0;
				TARGETED_DEVICE_FAMILY = "1,2";
			};
			name = Release;
		};
		7876541A2C14994B0086FBFC /* Debug */ = {
			isa = XCBuildConfiguration;
			buildSettings = {
				ALWAYS_EMBED_SWIFT_STANDARD_LIBRARIES = YES;
				BUNDLE_LOADER = "$(TEST_HOST)";
				CODE_SIGN_STYLE = Automatic;
				CURRENT_PROJECT_VERSION = 1;
				GENERATE_INFOPLIST_FILE = YES;
				IPHONEOS_DEPLOYMENT_TARGET = 17.4;
				MARKETING_VERSION = 1.0;
				PRODUCT_BUNDLE_IDENTIFIER = "nesterchuk.oleksii.iOS-Generic-HttpClientTests";
				PRODUCT_NAME = "$(TARGET_NAME)";
				SWIFT_EMIT_LOC_STRINGS = NO;
				SWIFT_VERSION = 5.0;
				TARGETED_DEVICE_FAMILY = "1,2";
				TEST_HOST = "$(BUILT_PRODUCTS_DIR)/iOS.Generic HttpClient.app/$(BUNDLE_EXECUTABLE_FOLDER_PATH)/iOS.Generic HttpClient";
			};
			name = Debug;
		};
		7876541B2C14994B0086FBFC /* Release */ = {
			isa = XCBuildConfiguration;
			buildSettings = {
				ALWAYS_EMBED_SWIFT_STANDARD_LIBRARIES = YES;
				BUNDLE_LOADER = "$(TEST_HOST)";
				CODE_SIGN_STYLE = Automatic;
				CURRENT_PROJECT_VERSION = 1;
				GENERATE_INFOPLIST_FILE = YES;
				IPHONEOS_DEPLOYMENT_TARGET = 17.4;
				MARKETING_VERSION = 1.0;
				PRODUCT_BUNDLE_IDENTIFIER = "nesterchuk.oleksii.iOS-Generic-HttpClientTests";
				PRODUCT_NAME = "$(TARGET_NAME)";
				SWIFT_EMIT_LOC_STRINGS = NO;
				SWIFT_VERSION = 5.0;
				TARGETED_DEVICE_FAMILY = "1,2";
				TEST_HOST = "$(BUILT_PRODUCTS_DIR)/iOS.Generic HttpClient.app/$(BUNDLE_EXECUTABLE_FOLDER_PATH)/iOS.Generic HttpClient";
			};
			name = Release;
		};
/* End XCBuildConfiguration section */

/* Begin XCConfigurationList section */
		787653ED2C1499480086FBFC /* Build configuration list for PBXProject "iOS.Generic HttpClient" */ = {
			isa = XCConfigurationList;
			buildConfigurations = (
				787654142C14994B0086FBFC /* Debug */,
				787654152C14994B0086FBFC /* Release */,
			);
			defaultConfigurationIsVisible = 0;
			defaultConfigurationName = Release;
		};
		787654162C14994B0086FBFC /* Build configuration list for PBXNativeTarget "iOS.Generic HttpClient" */ = {
			isa = XCConfigurationList;
			buildConfigurations = (
				787654172C14994B0086FBFC /* Debug */,
				787654182C14994B0086FBFC /* Release */,
			);
			defaultConfigurationIsVisible = 0;
			defaultConfigurationName = Release;
		};
		787654192C14994B0086FBFC /* Build configuration list for PBXNativeTarget "iOS.Generic HttpClientTests" */ = {
			isa = XCConfigurationList;
			buildConfigurations = (
				7876541A2C14994B0086FBFC /* Debug */,
				7876541B2C14994B0086FBFC /* Release */,
			);
			defaultConfigurationIsVisible = 0;
			defaultConfigurationName = Release;
		};
/* End XCConfigurationList section */
	};
	rootObject = 787653EA2C1499480086FBFC /* Project object */;
}
